// !$*UTF8*$!
{
	archiveVersion = 1;
	classes = {
	};
	objectVersion = 55;
	objects = {

/* Begin PBXBuildFile section */
		4B3ED76727ADF45E00D6B8BA /* AppDelegate.swift in Sources */ = {isa = PBXBuildFile; fileRef = 4B3ED76627ADF45E00D6B8BA /* AppDelegate.swift */; };
		4B3ED76927ADF45E00D6B8BA /* SceneDelegate.swift in Sources */ = {isa = PBXBuildFile; fileRef = 4B3ED76827ADF45E00D6B8BA /* SceneDelegate.swift */; };
		4B3ED76B27ADF45E00D6B8BA /* ViewController.swift in Sources */ = {isa = PBXBuildFile; fileRef = 4B3ED76A27ADF45E00D6B8BA /* ViewController.swift */; };
		4B3ED76E27ADF45F00D6B8BA /* Main.storyboard in Resources */ = {isa = PBXBuildFile; fileRef = 4B3ED76C27ADF45F00D6B8BA /* Main.storyboard */; };
		4B3ED77027ADF46000D6B8BA /* Assets.xcassets in Resources */ = {isa = PBXBuildFile; fileRef = 4B3ED76F27ADF46000D6B8BA /* Assets.xcassets */; };
		4B3ED77327ADF46000D6B8BA /* LaunchScreen.storyboard in Resources */ = {isa = PBXBuildFile; fileRef = 4B3ED77127ADF46000D6B8BA /* LaunchScreen.storyboard */; };
		4B3ED77E27ADF46000D6B8BA /* postsTests.swift in Sources */ = {isa = PBXBuildFile; fileRef = 4B3ED77D27ADF46000D6B8BA /* postsTests.swift */; };
		4B3ED78827ADF46000D6B8BA /* postsUITests.swift in Sources */ = {isa = PBXBuildFile; fileRef = 4B3ED78727ADF46000D6B8BA /* postsUITests.swift */; };
		4B3ED78A27ADF46000D6B8BA /* postsUITestsLaunchTests.swift in Sources */ = {isa = PBXBuildFile; fileRef = 4B3ED78927ADF46000D6B8BA /* postsUITestsLaunchTests.swift */; };
/* End PBXBuildFile section */

/* Begin PBXContainerItemProxy section */
		4B3ED77A27ADF46000D6B8BA /* PBXContainerItemProxy */ = {
			isa = PBXContainerItemProxy;
			containerPortal = 4B3ED75B27ADF45E00D6B8BA /* Project object */;
			proxyType = 1;
			remoteGlobalIDString = 4B3ED76227ADF45E00D6B8BA;
			remoteInfo = posts;
		};
		4B3ED78427ADF46000D6B8BA /* PBXContainerItemProxy */ = {
			isa = PBXContainerItemProxy;
			containerPortal = 4B3ED75B27ADF45E00D6B8BA /* Project object */;
			proxyType = 1;
			remoteGlobalIDString = 4B3ED76227ADF45E00D6B8BA;
			remoteInfo = posts;
		};
/* End PBXContainerItemProxy section */

/* Begin PBXFileReference section */
		4B3ED76327ADF45E00D6B8BA /* posts.app */ = {isa = PBXFileReference; explicitFileType = wrapper.application; includeInIndex = 0; path = posts.app; sourceTree = BUILT_PRODUCTS_DIR; };
		4B3ED76627ADF45E00D6B8BA /* AppDelegate.swift */ = {isa = PBXFileReference; lastKnownFileType = sourcecode.swift; path = AppDelegate.swift; sourceTree = "<group>"; };
		4B3ED76827ADF45E00D6B8BA /* SceneDelegate.swift */ = {isa = PBXFileReference; lastKnownFileType = sourcecode.swift; path = SceneDelegate.swift; sourceTree = "<group>"; };
		4B3ED76A27ADF45E00D6B8BA /* ViewController.swift */ = {isa = PBXFileReference; lastKnownFileType = sourcecode.swift; path = ViewController.swift; sourceTree = "<group>"; };
		4B3ED76D27ADF45F00D6B8BA /* Base */ = {isa = PBXFileReference; lastKnownFileType = file.storyboard; name = Base; path = Base.lproj/Main.storyboard; sourceTree = "<group>"; };
		4B3ED76F27ADF46000D6B8BA /* Assets.xcassets */ = {isa = PBXFileReference; lastKnownFileType = folder.assetcatalog; path = Assets.xcassets; sourceTree = "<group>"; };
		4B3ED77227ADF46000D6B8BA /* Base */ = {isa = PBXFileReference; lastKnownFileType = file.storyboard; name = Base; path = Base.lproj/LaunchScreen.storyboard; sourceTree = "<group>"; };
		4B3ED77427ADF46000D6B8BA /* Info.plist */ = {isa = PBXFileReference; lastKnownFileType = text.plist.xml; path = Info.plist; sourceTree = "<group>"; };
		4B3ED77927ADF46000D6B8BA /* postsTests.xctest */ = {isa = PBXFileReference; explicitFileType = wrapper.cfbundle; includeInIndex = 0; path = postsTests.xctest; sourceTree = BUILT_PRODUCTS_DIR; };
		4B3ED77D27ADF46000D6B8BA /* postsTests.swift */ = {isa = PBXFileReference; lastKnownFileType = sourcecode.swift; path = postsTests.swift; sourceTree = "<group>"; };
		4B3ED78327ADF46000D6B8BA /* postsUITests.xctest */ = {isa = PBXFileReference; explicitFileType = wrapper.cfbundle; includeInIndex = 0; path = postsUITests.xctest; sourceTree = BUILT_PRODUCTS_DIR; };
		4B3ED78727ADF46000D6B8BA /* postsUITests.swift */ = {isa = PBXFileReference; lastKnownFileType = sourcecode.swift; path = postsUITests.swift; sourceTree = "<group>"; };
		4B3ED78927ADF46000D6B8BA /* postsUITestsLaunchTests.swift */ = {isa = PBXFileReference; lastKnownFileType = sourcecode.swift; path = postsUITestsLaunchTests.swift; sourceTree = "<group>"; };
/* End PBXFileReference section */

/* Begin PBXFrameworksBuildPhase section */
		4B3ED76027ADF45E00D6B8BA /* Frameworks */ = {
			isa = PBXFrameworksBuildPhase;
			buildActionMask = 2147483647;
			files = (
			);
			runOnlyForDeploymentPostprocessing = 0;
		};
		4B3ED77627ADF46000D6B8BA /* Frameworks */ = {
			isa = PBXFrameworksBuildPhase;
			buildActionMask = 2147483647;
			files = (
			);
			runOnlyForDeploymentPostprocessing = 0;
		};
		4B3ED78027ADF46000D6B8BA /* Frameworks */ = {
			isa = PBXFrameworksBuildPhase;
			buildActionMask = 2147483647;
			files = (
			);
			runOnlyForDeploymentPostprocessing = 0;
		};
/* End PBXFrameworksBuildPhase section */

/* Begin PBXGroup section */
		4B3ED75A27ADF45E00D6B8BA = {
			isa = PBXGroup;
			children = (
				4B3ED76527ADF45E00D6B8BA /* posts */,
				4B3ED77C27ADF46000D6B8BA /* postsTests */,
				4B3ED78627ADF46000D6B8BA /* postsUITests */,
				4B3ED76427ADF45E00D6B8BA /* Products */,
			);
			sourceTree = "<group>";
		};
		4B3ED76427ADF45E00D6B8BA /* Products */ = {
			isa = PBXGroup;
			children = (
				4B3ED76327ADF45E00D6B8BA /* posts.app */,
				4B3ED77927ADF46000D6B8BA /* postsTests.xctest */,
				4B3ED78327ADF46000D6B8BA /* postsUITests.xctest */,
			);
			name = Products;
			sourceTree = "<group>";
		};
		4B3ED76527ADF45E00D6B8BA /* posts */ = {
			isa = PBXGroup;
			children = (
				4B3ED76627ADF45E00D6B8BA /* AppDelegate.swift */,
				4B3ED76827ADF45E00D6B8BA /* SceneDelegate.swift */,
				4B3ED76A27ADF45E00D6B8BA /* ViewController.swift */,
				4B3ED76C27ADF45F00D6B8BA /* Main.storyboard */,
				4B3ED76F27ADF46000D6B8BA /* Assets.xcassets */,
				4B3ED77127ADF46000D6B8BA /* LaunchScreen.storyboard */,
				4B3ED77427ADF46000D6B8BA /* Info.plist */,
			);
			path = posts;
			sourceTree = "<group>";
		};
		4B3ED77C27ADF46000D6B8BA /* postsTests */ = {
			isa = PBXGroup;
			children = (
				4B3ED77D27ADF46000D6B8BA /* postsTests.swift */,
			);
			path = postsTests;
			sourceTree = "<group>";
		};
		4B3ED78627ADF46000D6B8BA /* postsUITests */ = {
			isa = PBXGroup;
			children = (
				4B3ED78727ADF46000D6B8BA /* postsUITests.swift */,
				4B3ED78927ADF46000D6B8BA /* postsUITestsLaunchTests.swift */,
			);
			path = postsUITests;
			sourceTree = "<group>";
		};
/* End PBXGroup section */

/* Begin PBXNativeTarget section */
		4B3ED76227ADF45E00D6B8BA /* posts */ = {
			isa = PBXNativeTarget;
			buildConfigurationList = 4B3ED78D27ADF46000D6B8BA /* Build configuration list for PBXNativeTarget "posts" */;
			buildPhases = (
				4B3ED75F27ADF45E00D6B8BA /* Sources */,
				4B3ED76027ADF45E00D6B8BA /* Frameworks */,
				4B3ED76127ADF45E00D6B8BA /* Resources */,
			);
			buildRules = (
			);
			dependencies = (
			);
			name = posts;
			productName = posts;
			productReference = 4B3ED76327ADF45E00D6B8BA /* posts.app */;
			productType = "com.apple.product-type.application";
		};
		4B3ED77827ADF46000D6B8BA /* postsTests */ = {
			isa = PBXNativeTarget;
			buildConfigurationList = 4B3ED79027ADF46000D6B8BA /* Build configuration list for PBXNativeTarget "postsTests" */;
			buildPhases = (
				4B3ED77527ADF46000D6B8BA /* Sources */,
				4B3ED77627ADF46000D6B8BA /* Frameworks */,
				4B3ED77727ADF46000D6B8BA /* Resources */,
			);
			buildRules = (
			);
			dependencies = (
				4B3ED77B27ADF46000D6B8BA /* PBXTargetDependency */,
			);
			name = postsTests;
			productName = postsTests;
			productReference = 4B3ED77927ADF46000D6B8BA /* postsTests.xctest */;
			productType = "com.apple.product-type.bundle.unit-test";
		};
		4B3ED78227ADF46000D6B8BA /* postsUITests */ = {
			isa = PBXNativeTarget;
			buildConfigurationList = 4B3ED79327ADF46000D6B8BA /* Build configuration list for PBXNativeTarget "postsUITests" */;
			buildPhases = (
				4B3ED77F27ADF46000D6B8BA /* Sources */,
				4B3ED78027ADF46000D6B8BA /* Frameworks */,
				4B3ED78127ADF46000D6B8BA /* Resources */,
			);
			buildRules = (
			);
			dependencies = (
				4B3ED78527ADF46000D6B8BA /* PBXTargetDependency */,
			);
			name = postsUITests;
			productName = postsUITests;
			productReference = 4B3ED78327ADF46000D6B8BA /* postsUITests.xctest */;
			productType = "com.apple.product-type.bundle.ui-testing";
		};
/* End PBXNativeTarget section */

/* Begin PBXProject section */
		4B3ED75B27ADF45E00D6B8BA /* Project object */ = {
			isa = PBXProject;
			attributes = {
				BuildIndependentTargetsInParallel = 1;
				LastSwiftUpdateCheck = 1310;
				LastUpgradeCheck = 1310;
				TargetAttributes = {
					4B3ED76227ADF45E00D6B8BA = {
						CreatedOnToolsVersion = 13.1;
					};
					4B3ED77827ADF46000D6B8BA = {
						CreatedOnToolsVersion = 13.1;
						TestTargetID = 4B3ED76227ADF45E00D6B8BA;
					};
					4B3ED78227ADF46000D6B8BA = {
						CreatedOnToolsVersion = 13.1;
						TestTargetID = 4B3ED76227ADF45E00D6B8BA;
					};
				};
			};
			buildConfigurationList = 4B3ED75E27ADF45E00D6B8BA /* Build configuration list for PBXProject "posts" */;
			compatibilityVersion = "Xcode 13.0";
			developmentRegion = en;
			hasScannedForEncodings = 0;
			knownRegions = (
				en,
				Base,
			);
			mainGroup = 4B3ED75A27ADF45E00D6B8BA;
			productRefGroup = 4B3ED76427ADF45E00D6B8BA /* Products */;
			projectDirPath = "";
			projectRoot = "";
			targets = (
				4B3ED76227ADF45E00D6B8BA /* posts */,
				4B3ED77827ADF46000D6B8BA /* postsTests */,
				4B3ED78227ADF46000D6B8BA /* postsUITests */,
			);
		};
/* End PBXProject section */

/* Begin PBXResourcesBuildPhase section */
		4B3ED76127ADF45E00D6B8BA /* Resources */ = {
			isa = PBXResourcesBuildPhase;
			buildActionMask = 2147483647;
			files = (
				4B3ED77327ADF46000D6B8BA /* LaunchScreen.storyboard in Resources */,
				4B3ED77027ADF46000D6B8BA /* Assets.xcassets in Resources */,
				4B3ED76E27ADF45F00D6B8BA /* Main.storyboard in Resources */,
			);
			runOnlyForDeploymentPostprocessing = 0;
		};
		4B3ED77727ADF46000D6B8BA /* Resources */ = {
			isa = PBXResourcesBuildPhase;
			buildActionMask = 2147483647;
			files = (
			);
			runOnlyForDeploymentPostprocessing = 0;
		};
		4B3ED78127ADF46000D6B8BA /* Resources */ = {
			isa = PBXResourcesBuildPhase;
			buildActionMask = 2147483647;
			files = (
			);
			runOnlyForDeploymentPostprocessing = 0;
		};
/* End PBXResourcesBuildPhase section */

/* Begin PBXSourcesBuildPhase section */
		4B3ED75F27ADF45E00D6B8BA /* Sources */ = {
			isa = PBXSourcesBuildPhase;
			buildActionMask = 2147483647;
			files = (
				4B3ED76B27ADF45E00D6B8BA /* ViewController.swift in Sources */,
				4B3ED76727ADF45E00D6B8BA /* AppDelegate.swift in Sources */,
				4B3ED76927ADF45E00D6B8BA /* SceneDelegate.swift in Sources */,
			);
			runOnlyForDeploymentPostprocessing = 0;
		};
		4B3ED77527ADF46000D6B8BA /* Sources */ = {
			isa = PBXSourcesBuildPhase;
			buildActionMask = 2147483647;
			files = (
				4B3ED77E27ADF46000D6B8BA /* postsTests.swift in Sources */,
			);
			runOnlyForDeploymentPostprocessing = 0;
		};
		4B3ED77F27ADF46000D6B8BA /* Sources */ = {
			isa = PBXSourcesBuildPhase;
			buildActionMask = 2147483647;
			files = (
				4B3ED78A27ADF46000D6B8BA /* postsUITestsLaunchTests.swift in Sources */,
				4B3ED78827ADF46000D6B8BA /* postsUITests.swift in Sources */,
			);
			runOnlyForDeploymentPostprocessing = 0;
		};
/* End PBXSourcesBuildPhase section */

/* Begin PBXTargetDependency section */
		4B3ED77B27ADF46000D6B8BA /* PBXTargetDependency */ = {
			isa = PBXTargetDependency;
			target = 4B3ED76227ADF45E00D6B8BA /* posts */;
			targetProxy = 4B3ED77A27ADF46000D6B8BA /* PBXContainerItemProxy */;
		};
		4B3ED78527ADF46000D6B8BA /* PBXTargetDependency */ = {
			isa = PBXTargetDependency;
			target = 4B3ED76227ADF45E00D6B8BA /* posts */;
			targetProxy = 4B3ED78427ADF46000D6B8BA /* PBXContainerItemProxy */;
		};
/* End PBXTargetDependency section */

/* Begin PBXVariantGroup section */
		4B3ED76C27ADF45F00D6B8BA /* Main.storyboard */ = {
			isa = PBXVariantGroup;
			children = (
				4B3ED76D27ADF45F00D6B8BA /* Base */,
			);
			name = Main.storyboard;
			sourceTree = "<group>";
		};
		4B3ED77127ADF46000D6B8BA /* LaunchScreen.storyboard */ = {
			isa = PBXVariantGroup;
			children = (
				4B3ED77227ADF46000D6B8BA /* Base */,
			);
			name = LaunchScreen.storyboard;
			sourceTree = "<group>";
		};
/* End PBXVariantGroup section */

/* Begin XCBuildConfiguration section */
		4B3ED78B27ADF46000D6B8BA /* Debug */ = {
			isa = XCBuildConfiguration;
			buildSettings = {
				ALWAYS_SEARCH_USER_PATHS = NO;
				CLANG_ANALYZER_NONNULL = YES;
				CLANG_ANALYZER_NUMBER_OBJECT_CONVERSION = YES_AGGRESSIVE;
				CLANG_CXX_LANGUAGE_STANDARD = "gnu++17";
				CLANG_CXX_LIBRARY = "libc++";
				CLANG_ENABLE_MODULES = YES;
				CLANG_ENABLE_OBJC_ARC = YES;
				CLANG_ENABLE_OBJC_WEAK = YES;
				CLANG_WARN_BLOCK_CAPTURE_AUTORELEASING = YES;
				CLANG_WARN_BOOL_CONVERSION = YES;
				CLANG_WARN_COMMA = YES;
				CLANG_WARN_CONSTANT_CONVERSION = YES;
				CLANG_WARN_DEPRECATED_OBJC_IMPLEMENTATIONS = YES;
				CLANG_WARN_DIRECT_OBJC_ISA_USAGE = YES_ERROR;
				CLANG_WARN_DOCUMENTATION_COMMENTS = YES;
				CLANG_WARN_EMPTY_BODY = YES;
				CLANG_WARN_ENUM_CONVERSION = YES;
				CLANG_WARN_INFINITE_RECURSION = YES;
				CLANG_WARN_INT_CONVERSION = YES;
				CLANG_WARN_NON_LITERAL_NULL_CONVERSION = YES;
				CLANG_WARN_OBJC_IMPLICIT_RETAIN_SELF = YES;
				CLANG_WARN_OBJC_LITERAL_CONVERSION = YES;
				CLANG_WARN_OBJC_ROOT_CLASS = YES_ERROR;
				CLANG_WARN_QUOTED_INCLUDE_IN_FRAMEWORK_HEADER = YES;
				CLANG_WARN_RANGE_LOOP_ANALYSIS = YES;
				CLANG_WARN_STRICT_PROTOTYPES = YES;
				CLANG_WARN_SUSPICIOUS_MOVE = YES;
				CLANG_WARN_UNGUARDED_AVAILABILITY = YES_AGGRESSIVE;
				CLANG_WARN_UNREACHABLE_CODE = YES;
				CLANG_WARN__DUPLICATE_METHOD_MATCH = YES;
				COPY_PHASE_STRIP = NO;
				DEBUG_INFORMATION_FORMAT = dwarf;
				ENABLE_STRICT_OBJC_MSGSEND = YES;
				ENABLE_TESTABILITY = YES;
				GCC_C_LANGUAGE_STANDARD = gnu11;
				GCC_DYNAMIC_NO_PIC = NO;
				GCC_NO_COMMON_BLOCKS = YES;
				GCC_OPTIMIZATION_LEVEL = 0;
				GCC_PREPROCESSOR_DEFINITIONS = (
					"DEBUG=1",
					"$(inherited)",
				);
				GCC_WARN_64_TO_32_BIT_CONVERSION = YES;
				GCC_WARN_ABOUT_RETURN_TYPE = YES_ERROR;
				GCC_WARN_UNDECLARED_SELECTOR = YES;
				GCC_WARN_UNINITIALIZED_AUTOS = YES_AGGRESSIVE;
				GCC_WARN_UNUSED_FUNCTION = YES;
				GCC_WARN_UNUSED_VARIABLE = YES;
				IPHONEOS_DEPLOYMENT_TARGET = 15.0;
				MTL_ENABLE_DEBUG_INFO = INCLUDE_SOURCE;
				MTL_FAST_MATH = YES;
				ONLY_ACTIVE_ARCH = YES;
				SDKROOT = iphoneos;
				SWIFT_ACTIVE_COMPILATION_CONDITIONS = DEBUG;
				SWIFT_OPTIMIZATION_LEVEL = "-Onone";
			};
			name = Debug;
		};
		4B3ED78C27ADF46000D6B8BA /* Release */ = {
			isa = XCBuildConfiguration;
			buildSettings = {
				ALWAYS_SEARCH_USER_PATHS = NO;
				CLANG_ANALYZER_NONNULL = YES;
				CLANG_ANALYZER_NUMBER_OBJECT_CONVERSION = YES_AGGRESSIVE;
				CLANG_CXX_LANGUAGE_STANDARD = "gnu++17";
				CLANG_CXX_LIBRARY = "libc++";
				CLANG_ENABLE_MODULES = YES;
				CLANG_ENABLE_OBJC_ARC = YES;
				CLANG_ENABLE_OBJC_WEAK = YES;
				CLANG_WARN_BLOCK_CAPTURE_AUTORELEASING = YES;
				CLANG_WARN_BOOL_CONVERSION = YES;
				CLANG_WARN_COMMA = YES;
				CLANG_WARN_CONSTANT_CONVERSION = YES;
				CLANG_WARN_DEPRECATED_OBJC_IMPLEMENTATIONS = YES;
				CLANG_WARN_DIRECT_OBJC_ISA_USAGE = YES_ERROR;
				CLANG_WARN_DOCUMENTATION_COMMENTS = YES;
				CLANG_WARN_EMPTY_BODY = YES;
				CLANG_WARN_ENUM_CONVERSION = YES;
				CLANG_WARN_INFINITE_RECURSION = YES;
				CLANG_WARN_INT_CONVERSION = YES;
				CLANG_WARN_NON_LITERAL_NULL_CONVERSION = YES;
				CLANG_WARN_OBJC_IMPLICIT_RETAIN_SELF = YES;
				CLANG_WARN_OBJC_LITERAL_CONVERSION = YES;
				CLANG_WARN_OBJC_ROOT_CLASS = YES_ERROR;
				CLANG_WARN_QUOTED_INCLUDE_IN_FRAMEWORK_HEADER = YES;
				CLANG_WARN_RANGE_LOOP_ANALYSIS = YES;
				CLANG_WARN_STRICT_PROTOTYPES = YES;
				CLANG_WARN_SUSPICIOUS_MOVE = YES;
				CLANG_WARN_UNGUARDED_AVAILABILITY = YES_AGGRESSIVE;
				CLANG_WARN_UNREACHABLE_CODE = YES;
				CLANG_WARN__DUPLICATE_METHOD_MATCH = YES;
				COPY_PHASE_STRIP = NO;
				DEBUG_INFORMATION_FORMAT = "dwarf-with-dsym";
				ENABLE_NS_ASSERTIONS = NO;
				ENABLE_STRICT_OBJC_MSGSEND = YES;
				GCC_C_LANGUAGE_STANDARD = gnu11;
				GCC_NO_COMMON_BLOCKS = YES;
				GCC_WARN_64_TO_32_BIT_CONVERSION = YES;
				GCC_WARN_ABOUT_RETURN_TYPE = YES_ERROR;
				GCC_WARN_UNDECLARED_SELECTOR = YES;
				GCC_WARN_UNINITIALIZED_AUTOS = YES_AGGRESSIVE;
				GCC_WARN_UNUSED_FUNCTION = YES;
				GCC_WARN_UNUSED_VARIABLE = YES;
				IPHONEOS_DEPLOYMENT_TARGET = 15.0;
				MTL_ENABLE_DEBUG_INFO = NO;
				MTL_FAST_MATH = YES;
				SDKROOT = iphoneos;
				SWIFT_COMPILATION_MODE = wholemodule;
				SWIFT_OPTIMIZATION_LEVEL = "-O";
				VALIDATE_PRODUCT = YES;
			};
			name = Release;
		};
		4B3ED78E27ADF46000D6B8BA /* Debug */ = {
			isa = XCBuildConfiguration;
			buildSettings = {
				ASSETCATALOG_COMPILER_APPICON_NAME = AppIcon;
				ASSETCATALOG_COMPILER_GLOBAL_ACCENT_COLOR_NAME = AccentColor;
				CODE_SIGN_STYLE = Automatic;
				CURRENT_PROJECT_VERSION = 1;
				DEVELOPMENT_TEAM = TG4CPJG9X5;
				GENERATE_INFOPLIST_FILE = YES;
				INFOPLIST_FILE = posts/Info.plist;
				INFOPLIST_KEY_UIApplicationSupportsIndirectInputEvents = YES;
				INFOPLIST_KEY_UILaunchStoryboardName = LaunchScreen;
				INFOPLIST_KEY_UIMainStoryboardFile = Main;
				INFOPLIST_KEY_UISupportedInterfaceOrientations_iPad = "UIInterfaceOrientationPortrait UIInterfaceOrientationPortraitUpsideDown UIInterfaceOrientationLandscapeLeft UIInterfaceOrientationLandscapeRight";
				INFOPLIST_KEY_UISupportedInterfaceOrientations_iPhone = "UIInterfaceOrientationPortrait UIInterfaceOrientationLandscapeLeft UIInterfaceOrientationLandscapeRight";
				LD_RUNPATH_SEARCH_PATHS = (
					"$(inherited)",
					"@executable_path/Frameworks",
				);
				MARKETING_VERSION = 1.0;
				PRODUCT_BUNDLE_IDENTIFIER = josetovar.posts;
				PRODUCT_NAME = "$(TARGET_NAME)";
				SWIFT_EMIT_LOC_STRINGS = YES;
				SWIFT_VERSION = 5.0;
				TARGETED_DEVICE_FAMILY = "1,2";
			};
			name = Debug;
		};
		4B3ED78F27ADF46000D6B8BA /* Release */ = {
			isa = XCBuildConfiguration;
			buildSettings = {
				ASSETCATALOG_COMPILER_APPICON_NAME = AppIcon;
				ASSETCATALOG_COMPILER_GLOBAL_ACCENT_COLOR_NAME = AccentColor;
				CODE_SIGN_STYLE = Automatic;
				CURRENT_PROJECT_VERSION = 1;
				DEVELOPMENT_TEAM = TG4CPJG9X5;
				GENERATE_INFOPLIST_FILE = YES;
				INFOPLIST_FILE = posts/Info.plist;
				INFOPLIST_KEY_UIApplicationSupportsIndirectInputEvents = YES;
				INFOPLIST_KEY_UILaunchStoryboardName = LaunchScreen;
				INFOPLIST_KEY_UIMainStoryboardFile = Main;
				INFOPLIST_KEY_UISupportedInterfaceOrientations_iPad = "UIInterfaceOrientationPortrait UIInterfaceOrientationPortraitUpsideDown UIInterfaceOrientationLandscapeLeft UIInterfaceOrientationLandscapeRight";
				INFOPLIST_KEY_UISupportedInterfaceOrientations_iPhone = "UIInterfaceOrientationPortrait UIInterfaceOrientationLandscapeLeft UIInterfaceOrientationLandscapeRight";
				LD_RUNPATH_SEARCH_PATHS = (
					"$(inherited)",
					"@executable_path/Frameworks",
				);
				MARKETING_VERSION = 1.0;
				PRODUCT_BUNDLE_IDENTIFIER = josetovar.posts;
				PRODUCT_NAME = "$(TARGET_NAME)";
				SWIFT_EMIT_LOC_STRINGS = YES;
				SWIFT_VERSION = 5.0;
				TARGETED_DEVICE_FAMILY = "1,2";
			};
			name = Release;
		};
		4B3ED79127ADF46000D6B8BA /* Debug */ = {
			isa = XCBuildConfiguration;
			buildSettings = {
				ALWAYS_EMBED_SWIFT_STANDARD_LIBRARIES = YES;
				BUNDLE_LOADER = "$(TEST_HOST)";
				CODE_SIGN_STYLE = Automatic;
				CURRENT_PROJECT_VERSION = 1;
				DEVELOPMENT_TEAM = TG4CPJG9X5;
				GENERATE_INFOPLIST_FILE = YES;
				IPHONEOS_DEPLOYMENT_TARGET = 15.0;
				LD_RUNPATH_SEARCH_PATHS = (
					"$(inherited)",
					"@executable_path/Frameworks",
					"@loader_path/Frameworks",
				);
				MARKETING_VERSION = 1.0;
				PRODUCT_BUNDLE_IDENTIFIER = josetovar.postsTests;
				PRODUCT_NAME = "$(TARGET_NAME)";
				SWIFT_EMIT_LOC_STRINGS = NO;
				SWIFT_VERSION = 5.0;
				TARGETED_DEVICE_FAMILY = "1,2";
				TEST_HOST = "$(BUILT_PRODUCTS_DIR)/posts.app/posts";
			};
			name = Debug;
		};
		4B3ED79227ADF46000D6B8BA /* Release */ = {
			isa = XCBuildConfiguration;
			buildSettings = {
				ALWAYS_EMBED_SWIFT_STANDARD_LIBRARIES = YES;
				BUNDLE_LOADER = "$(TEST_HOST)";
				CODE_SIGN_STYLE = Automatic;
				CURRENT_PROJECT_VERSION = 1;
				DEVELOPMENT_TEAM = TG4CPJG9X5;
				GENERATE_INFOPLIST_FILE = YES;
				IPHONEOS_DEPLOYMENT_TARGET = 15.0;
				LD_RUNPATH_SEARCH_PATHS = (
					"$(inherited)",
					"@executable_path/Frameworks",
					"@loader_path/Frameworks",
				);
				MARKETING_VERSION = 1.0;
				PRODUCT_BUNDLE_IDENTIFIER = josetovar.postsTests;
				PRODUCT_NAME = "$(TARGET_NAME)";
				SWIFT_EMIT_LOC_STRINGS = NO;
				SWIFT_VERSION = 5.0;
				TARGETED_DEVICE_FAMILY = "1,2";
				TEST_HOST = "$(BUILT_PRODUCTS_DIR)/posts.app/posts";
			};
			name = Release;
		};
		4B3ED79427ADF46000D6B8BA /* Debug */ = {
			isa = XCBuildConfiguration;
			buildSettings = {
				ALWAYS_EMBED_SWIFT_STANDARD_LIBRARIES = YES;
				CODE_SIGN_STYLE = Automatic;
				CURRENT_PROJECT_VERSION = 1;
				DEVELOPMENT_TEAM = TG4CPJG9X5;
				GENERATE_INFOPLIST_FILE = YES;
				LD_RUNPATH_SEARCH_PATHS = (
					"$(inherited)",
					"@executable_path/Frameworks",
					"@loader_path/Frameworks",
				);
				MARKETING_VERSION = 1.0;
				PRODUCT_BUNDLE_IDENTIFIER = josetovar.postsUITests;
				PRODUCT_NAME = "$(TARGET_NAME)";
				SWIFT_EMIT_LOC_STRINGS = NO;
				SWIFT_VERSION = 5.0;
				TARGETED_DEVICE_FAMILY = "1,2";
				TEST_TARGET_NAME = posts;
			};
			name = Debug;
		};
		4B3ED79527ADF46000D6B8BA /* Release */ = {
			isa = XCBuildConfiguration;
			buildSettings = {
				ALWAYS_EMBED_SWIFT_STANDARD_LIBRARIES = YES;
				CODE_SIGN_STYLE = Automatic;
				CURRENT_PROJECT_VERSION = 1;
				DEVELOPMENT_TEAM = TG4CPJG9X5;
				GENERATE_INFOPLIST_FILE = YES;
				LD_RUNPATH_SEARCH_PATHS = (
					"$(inherited)",
					"@executable_path/Frameworks",
					"@loader_path/Frameworks",
				);
				MARKETING_VERSION = 1.0;
				PRODUCT_BUNDLE_IDENTIFIER = josetovar.postsUITests;
				PRODUCT_NAME = "$(TARGET_NAME)";
				SWIFT_EMIT_LOC_STRINGS = NO;
				SWIFT_VERSION = 5.0;
				TARGETED_DEVICE_FAMILY = "1,2";
				TEST_TARGET_NAME = posts;
			};
			name = Release;
		};
/* End XCBuildConfiguration section */

/* Begin XCConfigurationList section */
		4B3ED75E27ADF45E00D6B8BA /* Build configuration list for PBXProject "posts" */ = {
			isa = XCConfigurationList;
			buildConfigurations = (
				4B3ED78B27ADF46000D6B8BA /* Debug */,
				4B3ED78C27ADF46000D6B8BA /* Release */,
			);
			defaultConfigurationIsVisible = 0;
			defaultConfigurationName = Release;
		};
		4B3ED78D27ADF46000D6B8BA /* Build configuration list for PBXNativeTarget "posts" */ = {
			isa = XCConfigurationList;
			buildConfigurations = (
				4B3ED78E27ADF46000D6B8BA /* Debug */,
				4B3ED78F27ADF46000D6B8BA /* Release */,
			);
			defaultConfigurationIsVisible = 0;
			defaultConfigurationName = Release;
		};
		4B3ED79027ADF46000D6B8BA /* Build configuration list for PBXNativeTarget "postsTests" */ = {
			isa = XCConfigurationList;
			buildConfigurations = (
				4B3ED79127ADF46000D6B8BA /* Debug */,
				4B3ED79227ADF46000D6B8BA /* Release */,
			);
			defaultConfigurationIsVisible = 0;
			defaultConfigurationName = Release;
		};
		4B3ED79327ADF46000D6B8BA /* Build configuration list for PBXNativeTarget "postsUITests" */ = {
			isa = XCConfigurationList;
			buildConfigurations = (
				4B3ED79427ADF46000D6B8BA /* Debug */,
				4B3ED79527ADF46000D6B8BA /* Release */,
			);
			defaultConfigurationIsVisible = 0;
			defaultConfigurationName = Release;
		};
/* End XCConfigurationList section */
	};
	rootObject = 4B3ED75B27ADF45E00D6B8BA /* Project object */;
}
